// !$*UTF8*$!
{
	archiveVersion = 1;
	classes = {
	};
	objectVersion = 46;
	objects = {

/* Begin PBXBuildFile section */
		840DB9211EB0635A0057428F /* UITextFeildExtensions.swift in Sources */ = {isa = PBXBuildFile; fileRef = 840DB9201EB0635A0057428F /* UITextFeildExtensions.swift */; };
		841538DB20B7E8330029F716 /* DownloaderTestVC.swift in Sources */ = {isa = PBXBuildFile; fileRef = 841538D920B7E8330029F716 /* DownloaderTestVC.swift */; };
		841538DC20B7E8330029F716 /* DownloaderTestVC.xib in Resources */ = {isa = PBXBuildFile; fileRef = 841538DA20B7E8330029F716 /* DownloaderTestVC.xib */; };
		8445DAB32090A5A600C9E878 /* KeyedArchiverVC.swift in Sources */ = {isa = PBXBuildFile; fileRef = 8445DAB22090A5A600C9E878 /* KeyedArchiverVC.swift */; };
		844BFAA31F8B4F0A006593F6 /* NSDictionaryExtensions.swift in Sources */ = {isa = PBXBuildFile; fileRef = 844BFAA21F8B4F0A006593F6 /* NSDictionaryExtensions.swift */; };
		845A45DB1ED5199B00041402 /* ThreadStudyVC.swift in Sources */ = {isa = PBXBuildFile; fileRef = 845A45DA1ED5199B00041402 /* ThreadStudyVC.swift */; };
		8465C6BD1EAF2287007E2362 /* Settings.bundle in Resources */ = {isa = PBXBuildFile; fileRef = 8465C6BC1EAF2287007E2362 /* Settings.bundle */; };
		846AC1721EA9957200E1E81C /* ColorRGBExtensions.swift in Sources */ = {isa = PBXBuildFile; fileRef = 846AC1711EA9957200E1E81C /* ColorRGBExtensions.swift */; };
		846AC1751EA995D000E1E81C /* PMUtils.swift in Sources */ = {isa = PBXBuildFile; fileRef = 846AC1741EA995D000E1E81C /* PMUtils.swift */; };
		84729C201EA7642D00CBE210 /* DictionaryExtensions.swift in Sources */ = {isa = PBXBuildFile; fileRef = 84729C1F1EA7642D00CBE210 /* DictionaryExtensions.swift */; };
		847682D120B41479002D5630 /* DownloaderVC.swift in Sources */ = {isa = PBXBuildFile; fileRef = 847682D020B41479002D5630 /* DownloaderVC.swift */; };
		847682DD20B4165D002D5630 /* Main.storyboard in Resources */ = {isa = PBXBuildFile; fileRef = 847682D920B4165C002D5630 /* Main.storyboard */; };
		847682DE20B4165D002D5630 /* LaunchScreen.storyboard in Resources */ = {isa = PBXBuildFile; fileRef = 847682DB20B4165D002D5630 /* LaunchScreen.storyboard */; };
		847682E020B41914002D5630 /* PMDownloaderManager.swift in Sources */ = {isa = PBXBuildFile; fileRef = 847682DF20B41914002D5630 /* PMDownloaderManager.swift */; };
		847682E220B41923002D5630 /* PMDownloader.swift in Sources */ = {isa = PBXBuildFile; fileRef = 847682E120B41923002D5630 /* PMDownloader.swift */; };
		848CEEF81ECD6BCE00FE06DC /* UIScrollViewExtensions.swift in Sources */ = {isa = PBXBuildFile; fileRef = 848CEEF71ECD6BCE00FE06DC /* UIScrollViewExtensions.swift */; };
		84918E76209320D5004F3E85 /* ArrayStudyVC.swift in Sources */ = {isa = PBXBuildFile; fileRef = 84918E75209320D5004F3E85 /* ArrayStudyVC.swift */; };
		849F93531E97688600CDE58F /* BaseViewController.m in Sources */ = {isa = PBXBuildFile; fileRef = 849F93521E97688600CDE58F /* BaseViewController.m */; };
		849F935D1E976A7200CDE58F /* StringExtensions.swift in Sources */ = {isa = PBXBuildFile; fileRef = 849F935A1E976A7200CDE58F /* StringExtensions.swift */; };
		849F935E1E976A7200CDE58F /* UINavigationControllerExtensions.swift in Sources */ = {isa = PBXBuildFile; fileRef = 849F935B1E976A7200CDE58F /* UINavigationControllerExtensions.swift */; };
		849F935F1E976A7200CDE58F /* URLExtensions.swift in Sources */ = {isa = PBXBuildFile; fileRef = 849F935C1E976A7200CDE58F /* URLExtensions.swift */; };
		849F93621E976BE800CDE58F /* CGImageStudyViewController.swift in Sources */ = {isa = PBXBuildFile; fileRef = 849F93611E976BE800CDE58F /* CGImageStudyViewController.swift */; };
		849F93641E9784E100CDE58F /* CGImageStudyManager.swift in Sources */ = {isa = PBXBuildFile; fileRef = 849F93631E9784E100CDE58F /* CGImageStudyManager.swift */; };
		84AFA37B1F3C27E3004D274A /* RandomExtension.swift in Sources */ = {isa = PBXBuildFile; fileRef = 84AFA37A1F3C27E3004D274A /* RandomExtension.swift */; };
		84BB07FE1E8F90D200E88C5E /* AppDelegate.swift in Sources */ = {isa = PBXBuildFile; fileRef = 84BB07FD1E8F90D200E88C5E /* AppDelegate.swift */; };
		84BB08001E8F90D200E88C5E /* ViewController.swift in Sources */ = {isa = PBXBuildFile; fileRef = 84BB07FF1E8F90D200E88C5E /* ViewController.swift */; };
		84BB08131E8F90D200E88C5E /* SwiftStudyAndAccumulationTests.swift in Sources */ = {isa = PBXBuildFile; fileRef = 84BB08121E8F90D200E88C5E /* SwiftStudyAndAccumulationTests.swift */; };
		84BB081E1E8F90D200E88C5E /* SwiftStudyAndAccumulationUITests.swift in Sources */ = {isa = PBXBuildFile; fileRef = 84BB081D1E8F90D200E88C5E /* SwiftStudyAndAccumulationUITests.swift */; };
		84E884011EA87B9D000C25CF /* TestExtensionsVC.swift in Sources */ = {isa = PBXBuildFile; fileRef = 84E883FF1EA87B9D000C25CF /* TestExtensionsVC.swift */; };
		84E884021EA87B9D000C25CF /* TestExtensionsVC.xib in Resources */ = {isa = PBXBuildFile; fileRef = 84E884001EA87B9D000C25CF /* TestExtensionsVC.xib */; };
		84E884041EA887EA000C25CF /* ArrayExtensions.swift in Sources */ = {isa = PBXBuildFile; fileRef = 84E884031EA887EA000C25CF /* ArrayExtensions.swift */; };
		D766C2181EAB2099003EFB53 /* Assets.xcassets in Resources */ = {isa = PBXBuildFile; fileRef = D766C2171EAB2099003EFB53 /* Assets.xcassets */; };
		D766C2221EAB8FAF003EFB53 /* UIView+Xwq_Additions.m in Sources */ = {isa = PBXBuildFile; fileRef = D766C2211EAB8FAF003EFB53 /* UIView+Xwq_Additions.m */; };
/* End PBXBuildFile section */

/* Begin PBXContainerItemProxy section */
		84BB080F1E8F90D200E88C5E /* PBXContainerItemProxy */ = {
			isa = PBXContainerItemProxy;
			containerPortal = 84BB07F21E8F90D100E88C5E /* Project object */;
			proxyType = 1;
			remoteGlobalIDString = 84BB07F91E8F90D200E88C5E;
			remoteInfo = SwiftStudyAndAccumulation;
		};
		84BB081A1E8F90D200E88C5E /* PBXContainerItemProxy */ = {
			isa = PBXContainerItemProxy;
			containerPortal = 84BB07F21E8F90D100E88C5E /* Project object */;
			proxyType = 1;
			remoteGlobalIDString = 84BB07F91E8F90D200E88C5E;
			remoteInfo = SwiftStudyAndAccumulation;
		};
/* End PBXContainerItemProxy section */

/* Begin PBXFileReference section */
		840DB9201EB0635A0057428F /* UITextFeildExtensions.swift */ = {isa = PBXFileReference; fileEncoding = 4; lastKnownFileType = sourcecode.swift; path = UITextFeildExtensions.swift; sourceTree = "<group>"; };
		841538D920B7E8330029F716 /* DownloaderTestVC.swift */ = {isa = PBXFileReference; lastKnownFileType = sourcecode.swift; path = DownloaderTestVC.swift; sourceTree = "<group>"; };
		841538DA20B7E8330029F716 /* DownloaderTestVC.xib */ = {isa = PBXFileReference; lastKnownFileType = file.xib; path = DownloaderTestVC.xib; sourceTree = "<group>"; };
		8430F7CA20B4F8D300CFAEE3 /* Info.plist */ = {isa = PBXFileReference; fileEncoding = 4; lastKnownFileType = text.plist.xml; name = Info.plist; path = SwiftStudyAndAccumulation/Info.plist; sourceTree = SOURCE_ROOT; };
		8445DAB22090A5A600C9E878 /* KeyedArchiverVC.swift */ = {isa = PBXFileReference; lastKnownFileType = sourcecode.swift; path = KeyedArchiverVC.swift; sourceTree = "<group>"; };
		844BFAA21F8B4F0A006593F6 /* NSDictionaryExtensions.swift */ = {isa = PBXFileReference; fileEncoding = 4; lastKnownFileType = sourcecode.swift; path = NSDictionaryExtensions.swift; sourceTree = "<group>"; };
		845A45DA1ED5199B00041402 /* ThreadStudyVC.swift */ = {isa = PBXFileReference; fileEncoding = 4; lastKnownFileType = sourcecode.swift; path = ThreadStudyVC.swift; sourceTree = "<group>"; };
		8465C6BC1EAF2287007E2362 /* Settings.bundle */ = {isa = PBXFileReference; lastKnownFileType = "wrapper.plug-in"; name = Settings.bundle; path = ../Settings.bundle; sourceTree = "<group>"; };
		846AC1711EA9957200E1E81C /* ColorRGBExtensions.swift */ = {isa = PBXFileReference; fileEncoding = 4; lastKnownFileType = sourcecode.swift; path = ColorRGBExtensions.swift; sourceTree = "<group>"; };
		846AC1741EA995D000E1E81C /* PMUtils.swift */ = {isa = PBXFileReference; fileEncoding = 4; lastKnownFileType = sourcecode.swift; path = PMUtils.swift; sourceTree = "<group>"; };
		84729C1F1EA7642D00CBE210 /* DictionaryExtensions.swift */ = {isa = PBXFileReference; fileEncoding = 4; lastKnownFileType = sourcecode.swift; path = DictionaryExtensions.swift; sourceTree = "<group>"; };
		847682D020B41479002D5630 /* DownloaderVC.swift */ = {isa = PBXFileReference; lastKnownFileType = sourcecode.swift; path = DownloaderVC.swift; sourceTree = "<group>"; };
		847682DA20B4165C002D5630 /* Base */ = {isa = PBXFileReference; lastKnownFileType = file.storyboard; name = Base; path = SwiftStudyAndAccumulation/Base.lproj/Main.storyboard; sourceTree = "<group>"; };
		847682DC20B4165D002D5630 /* Base */ = {isa = PBXFileReference; lastKnownFileType = file.storyboard; name = Base; path = SwiftStudyAndAccumulation/Base.lproj/LaunchScreen.storyboard; sourceTree = "<group>"; };
		847682DF20B41914002D5630 /* PMDownloaderManager.swift */ = {isa = PBXFileReference; lastKnownFileType = sourcecode.swift; path = PMDownloaderManager.swift; sourceTree = "<group>"; };
		847682E120B41923002D5630 /* PMDownloader.swift */ = {isa = PBXFileReference; lastKnownFileType = sourcecode.swift; path = PMDownloader.swift; sourceTree = "<group>"; };
		848CEEF71ECD6BCE00FE06DC /* UIScrollViewExtensions.swift */ = {isa = PBXFileReference; fileEncoding = 4; lastKnownFileType = sourcecode.swift; path = UIScrollViewExtensions.swift; sourceTree = "<group>"; };
		84918E75209320D5004F3E85 /* ArrayStudyVC.swift */ = {isa = PBXFileReference; lastKnownFileType = sourcecode.swift; path = ArrayStudyVC.swift; sourceTree = "<group>"; };
		849EA9FA1EC004E30003EA2B /* SwiftStudyAndAccumulation-Bridging-Header.h */ = {isa = PBXFileReference; lastKnownFileType = sourcecode.c.h; path = "SwiftStudyAndAccumulation-Bridging-Header.h"; sourceTree = "<group>"; };
		849F93511E97688600CDE58F /* BaseViewController.h */ = {isa = PBXFileReference; fileEncoding = 4; lastKnownFileType = sourcecode.c.h; path = BaseViewController.h; sourceTree = "<group>"; };
		849F93521E97688600CDE58F /* BaseViewController.m */ = {isa = PBXFileReference; fileEncoding = 4; lastKnownFileType = sourcecode.c.objc; path = BaseViewController.m; sourceTree = "<group>"; };
		849F935A1E976A7200CDE58F /* StringExtensions.swift */ = {isa = PBXFileReference; fileEncoding = 4; lastKnownFileType = sourcecode.swift; path = StringExtensions.swift; sourceTree = "<group>"; };
		849F935B1E976A7200CDE58F /* UINavigationControllerExtensions.swift */ = {isa = PBXFileReference; fileEncoding = 4; lastKnownFileType = sourcecode.swift; path = UINavigationControllerExtensions.swift; sourceTree = "<group>"; };
		849F935C1E976A7200CDE58F /* URLExtensions.swift */ = {isa = PBXFileReference; fileEncoding = 4; lastKnownFileType = sourcecode.swift; path = URLExtensions.swift; sourceTree = "<group>"; };
		849F93611E976BE800CDE58F /* CGImageStudyViewController.swift */ = {isa = PBXFileReference; fileEncoding = 4; lastKnownFileType = sourcecode.swift; path = CGImageStudyViewController.swift; sourceTree = "<group>"; };
		849F93631E9784E100CDE58F /* CGImageStudyManager.swift */ = {isa = PBXFileReference; fileEncoding = 4; lastKnownFileType = sourcecode.swift; path = CGImageStudyManager.swift; sourceTree = "<group>"; };
		84AFA37A1F3C27E3004D274A /* RandomExtension.swift */ = {isa = PBXFileReference; fileEncoding = 4; lastKnownFileType = sourcecode.swift; path = RandomExtension.swift; sourceTree = "<group>"; };
		84BB07FA1E8F90D200E88C5E /* SwiftStudyAndAccumulation.app */ = {isa = PBXFileReference; explicitFileType = wrapper.application; includeInIndex = 0; path = SwiftStudyAndAccumulation.app; sourceTree = BUILT_PRODUCTS_DIR; };
		84BB07FD1E8F90D200E88C5E /* AppDelegate.swift */ = {isa = PBXFileReference; lastKnownFileType = sourcecode.swift; path = AppDelegate.swift; sourceTree = "<group>"; };
		84BB07FF1E8F90D200E88C5E /* ViewController.swift */ = {isa = PBXFileReference; lastKnownFileType = sourcecode.swift; path = ViewController.swift; sourceTree = "<group>"; };
		84BB080E1E8F90D200E88C5E /* SwiftStudyAndAccumulationTests.xctest */ = {isa = PBXFileReference; explicitFileType = wrapper.cfbundle; includeInIndex = 0; path = SwiftStudyAndAccumulationTests.xctest; sourceTree = BUILT_PRODUCTS_DIR; };
		84BB08121E8F90D200E88C5E /* SwiftStudyAndAccumulationTests.swift */ = {isa = PBXFileReference; lastKnownFileType = sourcecode.swift; path = SwiftStudyAndAccumulationTests.swift; sourceTree = "<group>"; };
		84BB08141E8F90D200E88C5E /* Info.plist */ = {isa = PBXFileReference; lastKnownFileType = text.plist.xml; path = Info.plist; sourceTree = "<group>"; };
		84BB08191E8F90D200E88C5E /* SwiftStudyAndAccumulationUITests.xctest */ = {isa = PBXFileReference; explicitFileType = wrapper.cfbundle; includeInIndex = 0; path = SwiftStudyAndAccumulationUITests.xctest; sourceTree = BUILT_PRODUCTS_DIR; };
		84BB081D1E8F90D200E88C5E /* SwiftStudyAndAccumulationUITests.swift */ = {isa = PBXFileReference; lastKnownFileType = sourcecode.swift; path = SwiftStudyAndAccumulationUITests.swift; sourceTree = "<group>"; };
		84BB081F1E8F90D200E88C5E /* Info.plist */ = {isa = PBXFileReference; lastKnownFileType = text.plist.xml; path = Info.plist; sourceTree = "<group>"; };
		84E883FF1EA87B9D000C25CF /* TestExtensionsVC.swift */ = {isa = PBXFileReference; fileEncoding = 4; lastKnownFileType = sourcecode.swift; path = TestExtensionsVC.swift; sourceTree = "<group>"; };
		84E884001EA87B9D000C25CF /* TestExtensionsVC.xib */ = {isa = PBXFileReference; fileEncoding = 4; lastKnownFileType = file.xib; path = TestExtensionsVC.xib; sourceTree = "<group>"; };
		84E884031EA887EA000C25CF /* ArrayExtensions.swift */ = {isa = PBXFileReference; fileEncoding = 4; lastKnownFileType = sourcecode.swift; path = ArrayExtensions.swift; sourceTree = "<group>"; };
		D766C2171EAB2099003EFB53 /* Assets.xcassets */ = {isa = PBXFileReference; lastKnownFileType = folder.assetcatalog; name = Assets.xcassets; path = SwiftStudyAndAccumulation/resource/Assets.xcassets; sourceTree = SOURCE_ROOT; };
		D766C2201EAB8FAF003EFB53 /* UIView+Xwq_Additions.h */ = {isa = PBXFileReference; fileEncoding = 4; lastKnownFileType = sourcecode.c.h; path = "UIView+Xwq_Additions.h"; sourceTree = "<group>"; };
		D766C2211EAB8FAF003EFB53 /* UIView+Xwq_Additions.m */ = {isa = PBXFileReference; fileEncoding = 4; lastKnownFileType = sourcecode.c.objc; path = "UIView+Xwq_Additions.m"; sourceTree = "<group>"; };
/* End PBXFileReference section */

/* Begin PBXFrameworksBuildPhase section */
		84BB07F71E8F90D200E88C5E /* Frameworks */ = {
			isa = PBXFrameworksBuildPhase;
			buildActionMask = 2147483647;
			files = (
			);
			runOnlyForDeploymentPostprocessing = 0;
		};
		84BB080B1E8F90D200E88C5E /* Frameworks */ = {
			isa = PBXFrameworksBuildPhase;
			buildActionMask = 2147483647;
			files = (
			);
			runOnlyForDeploymentPostprocessing = 0;
		};
		84BB08161E8F90D200E88C5E /* Frameworks */ = {
			isa = PBXFrameworksBuildPhase;
			buildActionMask = 2147483647;
			files = (
			);
			runOnlyForDeploymentPostprocessing = 0;
		};
/* End PBXFrameworksBuildPhase section */

/* Begin PBXGroup section */
		8445DAAF2090A51C00C9E878 /* 归解档 */ = {
			isa = PBXGroup;
			children = (
				8445DAB22090A5A600C9E878 /* KeyedArchiverVC.swift */,
			);
			name = "归解档";
			sourceTree = "<group>";
		};
		845A45D91ED5195500041402 /* ThreadStudy */ = {
			isa = PBXGroup;
			children = (
				845A45DA1ED5199B00041402 /* ThreadStudyVC.swift */,
			);
			name = ThreadStudy;
			sourceTree = "<group>";
		};
		846AC1731EA995A600E1E81C /* utils */ = {
			isa = PBXGroup;
			children = (
				846AC1741EA995D000E1E81C /* PMUtils.swift */,
			);
			path = utils;
			sourceTree = "<group>";
		};
		847682CF20B41449002D5630 /* 下载学习 */ = {
			isa = PBXGroup;
			children = (
				841538D920B7E8330029F716 /* DownloaderTestVC.swift */,
				841538DA20B7E8330029F716 /* DownloaderTestVC.xib */,
				847682D020B41479002D5630 /* DownloaderVC.swift */,
				847682DF20B41914002D5630 /* PMDownloaderManager.swift */,
				847682E120B41923002D5630 /* PMDownloader.swift */,
			);
			name = "下载学习";
			sourceTree = "<group>";
		};
		84918E74209320BB004F3E85 /* 数组学习 */ = {
			isa = PBXGroup;
			children = (
				84918E75209320D5004F3E85 /* ArrayStudyVC.swift */,
			);
			name = "数组学习";
			sourceTree = "<group>";
		};
		849F934D1E97683E00CDE58F /* OC */ = {
			isa = PBXGroup;
			children = (
				849F93511E97688600CDE58F /* BaseViewController.h */,
				849F93521E97688600CDE58F /* BaseViewController.m */,
			);
			name = OC;
			sourceTree = "<group>";
		};
		849F93541E9768CB00CDE58F /* resources */ = {
			isa = PBXGroup;
			children = (
				D766C2171EAB2099003EFB53 /* Assets.xcassets */,
				849EA9FA1EC004E30003EA2B /* SwiftStudyAndAccumulation-Bridging-Header.h */,
				847682DB20B4165D002D5630 /* LaunchScreen.storyboard */,
				847682D920B4165C002D5630 /* Main.storyboard */,
				849F93551E9769DD00CDE58F /* sys */,
				849F93561E9769EF00CDE58F /* image */,
			);
			name = resources;
			path = resource;
			sourceTree = "<group>";
		};
		849F93551E9769DD00CDE58F /* sys */ = {
			isa = PBXGroup;
			children = (
				8430F7CA20B4F8D300CFAEE3 /* Info.plist */,
				8465C6BC1EAF2287007E2362 /* Settings.bundle */,
			);
			name = sys;
			sourceTree = "<group>";
		};
		849F93561E9769EF00CDE58F /* image */ = {
			isa = PBXGroup;
			children = (
			);
			name = image;
			sourceTree = "<group>";
		};
		849F93571E976A1400CDE58F /* swift */ = {
			isa = PBXGroup;
			children = (
				84DE89D31F033E2B00B62EFA /* cxcall */,
				847682CF20B41449002D5630 /* 下载学习 */,
				84918E74209320BB004F3E85 /* 数组学习 */,
				8445DAAF2090A51C00C9E878 /* 归解档 */,
				845A45D91ED5195500041402 /* ThreadStudy */,
				84E883FE1EA87B4B000C25CF /* testextensions */,
				849F93601E976AD700CDE58F /* CGImageStudy */,
			);
			name = swift;
			sourceTree = "<group>";
		};
		849F93591E976A4D00CDE58F /* extensions */ = {
			isa = PBXGroup;
			children = (
				849F935A1E976A7200CDE58F /* StringExtensions.swift */,
				849F935B1E976A7200CDE58F /* UINavigationControllerExtensions.swift */,
				849F935C1E976A7200CDE58F /* URLExtensions.swift */,
				84729C1F1EA7642D00CBE210 /* DictionaryExtensions.swift */,
				84E884031EA887EA000C25CF /* ArrayExtensions.swift */,
				846AC1711EA9957200E1E81C /* ColorRGBExtensions.swift */,
				840DB9201EB0635A0057428F /* UITextFeildExtensions.swift */,
				848CEEF71ECD6BCE00FE06DC /* UIScrollViewExtensions.swift */,
				84AFA37A1F3C27E3004D274A /* RandomExtension.swift */,
				844BFAA21F8B4F0A006593F6 /* NSDictionaryExtensions.swift */,
			);
			path = extensions;
			sourceTree = "<group>";
		};
		849F93601E976AD700CDE58F /* CGImageStudy */ = {
			isa = PBXGroup;
			children = (
				849F93611E976BE800CDE58F /* CGImageStudyViewController.swift */,
				849F93631E9784E100CDE58F /* CGImageStudyManager.swift */,
			);
			name = CGImageStudy;
			sourceTree = "<group>";
		};
		84BB07F11E8F90D100E88C5E = {
			isa = PBXGroup;
			children = (
				84BB07FC1E8F90D200E88C5E /* SwiftStudyAndAccumulation */,
				84BB08111E8F90D200E88C5E /* SwiftStudyAndAccumulationTests */,
				84BB081C1E8F90D200E88C5E /* SwiftStudyAndAccumulationUITests */,
				84BB07FB1E8F90D200E88C5E /* Products */,
			);
			sourceTree = "<group>";
		};
		84BB07FB1E8F90D200E88C5E /* Products */ = {
			isa = PBXGroup;
			children = (
				84BB07FA1E8F90D200E88C5E /* SwiftStudyAndAccumulation.app */,
				84BB080E1E8F90D200E88C5E /* SwiftStudyAndAccumulationTests.xctest */,
				84BB08191E8F90D200E88C5E /* SwiftStudyAndAccumulationUITests.xctest */,
			);
			name = Products;
			sourceTree = "<group>";
		};
		84BB07FC1E8F90D200E88C5E /* SwiftStudyAndAccumulation */ = {
			isa = PBXGroup;
			children = (
				84BB07FD1E8F90D200E88C5E /* AppDelegate.swift */,
				84BB07FF1E8F90D200E88C5E /* ViewController.swift */,
				84DAA6341EE4F67C00A1250E /* base */,
				849F93541E9768CB00CDE58F /* resources */,
				849F934D1E97683E00CDE58F /* OC */,
				849F93571E976A1400CDE58F /* swift */,
				D766C21F1EAB8F99003EFB53 /* category */,
				849F93591E976A4D00CDE58F /* extensions */,
				846AC1731EA995A600E1E81C /* utils */,
			);
			path = SwiftStudyAndAccumulation;
			sourceTree = "<group>";
		};
		84BB08111E8F90D200E88C5E /* SwiftStudyAndAccumulationTests */ = {
			isa = PBXGroup;
			children = (
				84BB08121E8F90D200E88C5E /* SwiftStudyAndAccumulationTests.swift */,
				84BB08141E8F90D200E88C5E /* Info.plist */,
			);
			path = SwiftStudyAndAccumulationTests;
			sourceTree = "<group>";
		};
		84BB081C1E8F90D200E88C5E /* SwiftStudyAndAccumulationUITests */ = {
			isa = PBXGroup;
			children = (
				84BB081D1E8F90D200E88C5E /* SwiftStudyAndAccumulationUITests.swift */,
				84BB081F1E8F90D200E88C5E /* Info.plist */,
			);
			path = SwiftStudyAndAccumulationUITests;
			sourceTree = "<group>";
		};
		84DAA6341EE4F67C00A1250E /* base */ = {
			isa = PBXGroup;
			children = (
			);
			path = base;
			sourceTree = "<group>";
		};
		84DE89D31F033E2B00B62EFA /* cxcall */ = {
			isa = PBXGroup;
			children = (
			);
			name = cxcall;
			sourceTree = "<group>";
		};
		84E883FE1EA87B4B000C25CF /* testextensions */ = {
			isa = PBXGroup;
			children = (
				84E883FF1EA87B9D000C25CF /* TestExtensionsVC.swift */,
				84E884001EA87B9D000C25CF /* TestExtensionsVC.xib */,
			);
			name = testextensions;
			sourceTree = "<group>";
		};
		D766C21F1EAB8F99003EFB53 /* category */ = {
			isa = PBXGroup;
			children = (
				D766C2201EAB8FAF003EFB53 /* UIView+Xwq_Additions.h */,
				D766C2211EAB8FAF003EFB53 /* UIView+Xwq_Additions.m */,
			);
			path = category;
			sourceTree = "<group>";
		};
/* End PBXGroup section */

/* Begin PBXNativeTarget section */
		84BB07F91E8F90D200E88C5E /* SwiftStudyAndAccumulation */ = {
			isa = PBXNativeTarget;
			buildConfigurationList = 84BB08221E8F90D200E88C5E /* Build configuration list for PBXNativeTarget "SwiftStudyAndAccumulation" */;
			buildPhases = (
				84BB07F61E8F90D200E88C5E /* Sources */,
				84BB07F71E8F90D200E88C5E /* Frameworks */,
				84BB07F81E8F90D200E88C5E /* Resources */,
			);
			buildRules = (
			);
			dependencies = (
			);
			name = SwiftStudyAndAccumulation;
			productName = SwiftStudyAndAccumulation;
			productReference = 84BB07FA1E8F90D200E88C5E /* SwiftStudyAndAccumulation.app */;
			productType = "com.apple.product-type.application";
		};
		84BB080D1E8F90D200E88C5E /* SwiftStudyAndAccumulationTests */ = {
			isa = PBXNativeTarget;
			buildConfigurationList = 84BB08251E8F90D200E88C5E /* Build configuration list for PBXNativeTarget "SwiftStudyAndAccumulationTests" */;
			buildPhases = (
				84BB080A1E8F90D200E88C5E /* Sources */,
				84BB080B1E8F90D200E88C5E /* Frameworks */,
				84BB080C1E8F90D200E88C5E /* Resources */,
			);
			buildRules = (
			);
			dependencies = (
				84BB08101E8F90D200E88C5E /* PBXTargetDependency */,
			);
			name = SwiftStudyAndAccumulationTests;
			productName = SwiftStudyAndAccumulationTests;
			productReference = 84BB080E1E8F90D200E88C5E /* SwiftStudyAndAccumulationTests.xctest */;
			productType = "com.apple.product-type.bundle.unit-test";
		};
		84BB08181E8F90D200E88C5E /* SwiftStudyAndAccumulationUITests */ = {
			isa = PBXNativeTarget;
			buildConfigurationList = 84BB08281E8F90D200E88C5E /* Build configuration list for PBXNativeTarget "SwiftStudyAndAccumulationUITests" */;
			buildPhases = (
				84BB08151E8F90D200E88C5E /* Sources */,
				84BB08161E8F90D200E88C5E /* Frameworks */,
				84BB08171E8F90D200E88C5E /* Resources */,
			);
			buildRules = (
			);
			dependencies = (
				84BB081B1E8F90D200E88C5E /* PBXTargetDependency */,
			);
			name = SwiftStudyAndAccumulationUITests;
			productName = SwiftStudyAndAccumulationUITests;
			productReference = 84BB08191E8F90D200E88C5E /* SwiftStudyAndAccumulationUITests.xctest */;
			productType = "com.apple.product-type.bundle.ui-testing";
		};
/* End PBXNativeTarget section */

/* Begin PBXProject section */
		84BB07F21E8F90D100E88C5E /* Project object */ = {
			isa = PBXProject;
			attributes = {
				LastSwiftUpdateCheck = 0830;
				LastUpgradeCheck = 0930;
				ORGANIZATIONNAME = mapbar;
				TargetAttributes = {
					84BB07F91E8F90D200E88C5E = {
						CreatedOnToolsVersion = 8.3;
						DevelopmentTeam = 69L92VZ7E4;
						LastSwiftMigration = 0930;
						ProvisioningStyle = Manual;
						SystemCapabilities = {
							com.apple.BackgroundModes = {
								enabled = 1;
							};
						};
					};
					84BB080D1E8F90D200E88C5E = {
						CreatedOnToolsVersion = 8.3;
						DevelopmentTeam = NMY2CS6TU6;
						LastSwiftMigration = 0930;
						ProvisioningStyle = Automatic;
						TestTargetID = 84BB07F91E8F90D200E88C5E;
					};
					84BB08181E8F90D200E88C5E = {
						CreatedOnToolsVersion = 8.3;
						DevelopmentTeam = NMY2CS6TU6;
						LastSwiftMigration = 0930;
						ProvisioningStyle = Automatic;
						TestTargetID = 84BB07F91E8F90D200E88C5E;
					};
				};
			};
			buildConfigurationList = 84BB07F51E8F90D100E88C5E /* Build configuration list for PBXProject "SwiftStudyAndAccumulation" */;
			compatibilityVersion = "Xcode 3.2";
			developmentRegion = English;
			hasScannedForEncodings = 0;
			knownRegions = (
				en,
				Base,
				"zh-Hans",
			);
			mainGroup = 84BB07F11E8F90D100E88C5E;
			productRefGroup = 84BB07FB1E8F90D200E88C5E /* Products */;
			projectDirPath = "";
			projectRoot = "";
			targets = (
				84BB07F91E8F90D200E88C5E /* SwiftStudyAndAccumulation */,
				84BB080D1E8F90D200E88C5E /* SwiftStudyAndAccumulationTests */,
				84BB08181E8F90D200E88C5E /* SwiftStudyAndAccumulationUITests */,
			);
		};
/* End PBXProject section */

/* Begin PBXResourcesBuildPhase section */
		84BB07F81E8F90D200E88C5E /* Resources */ = {
			isa = PBXResourcesBuildPhase;
			buildActionMask = 2147483647;
			files = (
				8465C6BD1EAF2287007E2362 /* Settings.bundle in Resources */,
				84E884021EA87B9D000C25CF /* TestExtensionsVC.xib in Resources */,
				D766C2181EAB2099003EFB53 /* Assets.xcassets in Resources */,
				847682DE20B4165D002D5630 /* LaunchScreen.storyboard in Resources */,
				847682DD20B4165D002D5630 /* Main.storyboard in Resources */,
				841538DC20B7E8330029F716 /* DownloaderTestVC.xib in Resources */,
			);
			runOnlyForDeploymentPostprocessing = 0;
		};
		84BB080C1E8F90D200E88C5E /* Resources */ = {
			isa = PBXResourcesBuildPhase;
			buildActionMask = 2147483647;
			files = (
			);
			runOnlyForDeploymentPostprocessing = 0;
		};
		84BB08171E8F90D200E88C5E /* Resources */ = {
			isa = PBXResourcesBuildPhase;
			buildActionMask = 2147483647;
			files = (
			);
			runOnlyForDeploymentPostprocessing = 0;
		};
/* End PBXResourcesBuildPhase section */

/* Begin PBXSourcesBuildPhase section */
		84BB07F61E8F90D200E88C5E /* Sources */ = {
			isa = PBXSourcesBuildPhase;
			buildActionMask = 2147483647;
			files = (
				846AC1751EA995D000E1E81C /* PMUtils.swift in Sources */,
				847682E220B41923002D5630 /* PMDownloader.swift in Sources */,
				849F935E1E976A7200CDE58F /* UINavigationControllerExtensions.swift in Sources */,
				849F93621E976BE800CDE58F /* CGImageStudyViewController.swift in Sources */,
				844BFAA31F8B4F0A006593F6 /* NSDictionaryExtensions.swift in Sources */,
				847682D120B41479002D5630 /* DownloaderVC.swift in Sources */,
				84729C201EA7642D00CBE210 /* DictionaryExtensions.swift in Sources */,
				849F935F1E976A7200CDE58F /* URLExtensions.swift in Sources */,
				845A45DB1ED5199B00041402 /* ThreadStudyVC.swift in Sources */,
				849F935D1E976A7200CDE58F /* StringExtensions.swift in Sources */,
				84E884041EA887EA000C25CF /* ArrayExtensions.swift in Sources */,
				84918E76209320D5004F3E85 /* ArrayStudyVC.swift in Sources */,
				840DB9211EB0635A0057428F /* UITextFeildExtensions.swift in Sources */,
				849F93531E97688600CDE58F /* BaseViewController.m in Sources */,
				84E884011EA87B9D000C25CF /* TestExtensionsVC.swift in Sources */,
				841538DB20B7E8330029F716 /* DownloaderTestVC.swift in Sources */,
				849F93641E9784E100CDE58F /* CGImageStudyManager.swift in Sources */,
				846AC1721EA9957200E1E81C /* ColorRGBExtensions.swift in Sources */,
				84AFA37B1F3C27E3004D274A /* RandomExtension.swift in Sources */,
				847682E020B41914002D5630 /* PMDownloaderManager.swift in Sources */,
				84BB08001E8F90D200E88C5E /* ViewController.swift in Sources */,
				84BB07FE1E8F90D200E88C5E /* AppDelegate.swift in Sources */,
				D766C2221EAB8FAF003EFB53 /* UIView+Xwq_Additions.m in Sources */,
				848CEEF81ECD6BCE00FE06DC /* UIScrollViewExtensions.swift in Sources */,
				8445DAB32090A5A600C9E878 /* KeyedArchiverVC.swift in Sources */,
			);
			runOnlyForDeploymentPostprocessing = 0;
		};
		84BB080A1E8F90D200E88C5E /* Sources */ = {
			isa = PBXSourcesBuildPhase;
			buildActionMask = 2147483647;
			files = (
				84BB08131E8F90D200E88C5E /* SwiftStudyAndAccumulationTests.swift in Sources */,
			);
			runOnlyForDeploymentPostprocessing = 0;
		};
		84BB08151E8F90D200E88C5E /* Sources */ = {
			isa = PBXSourcesBuildPhase;
			buildActionMask = 2147483647;
			files = (
				84BB081E1E8F90D200E88C5E /* SwiftStudyAndAccumulationUITests.swift in Sources */,
			);
			runOnlyForDeploymentPostprocessing = 0;
		};
/* End PBXSourcesBuildPhase section */

/* Begin PBXTargetDependency section */
		84BB08101E8F90D200E88C5E /* PBXTargetDependency */ = {
			isa = PBXTargetDependency;
			target = 84BB07F91E8F90D200E88C5E /* SwiftStudyAndAccumulation */;
			targetProxy = 84BB080F1E8F90D200E88C5E /* PBXContainerItemProxy */;
		};
		84BB081B1E8F90D200E88C5E /* PBXTargetDependency */ = {
			isa = PBXTargetDependency;
			target = 84BB07F91E8F90D200E88C5E /* SwiftStudyAndAccumulation */;
			targetProxy = 84BB081A1E8F90D200E88C5E /* PBXContainerItemProxy */;
		};
/* End PBXTargetDependency section */

/* Begin PBXVariantGroup section */
		847682D920B4165C002D5630 /* Main.storyboard */ = {
			isa = PBXVariantGroup;
			children = (
				847682DA20B4165C002D5630 /* Base */,
			);
			name = Main.storyboard;
			sourceTree = "<group>";
		};
		847682DB20B4165D002D5630 /* LaunchScreen.storyboard */ = {
			isa = PBXVariantGroup;
			children = (
				847682DC20B4165D002D5630 /* Base */,
			);
			name = LaunchScreen.storyboard;
			sourceTree = "<group>";
		};
/* End PBXVariantGroup section */

/* Begin XCBuildConfiguration section */
		84BB08201E8F90D200E88C5E /* Debug */ = {
			isa = XCBuildConfiguration;
			buildSettings = {
				ALWAYS_SEARCH_USER_PATHS = NO;
				CLANG_ANALYZER_NONNULL = YES;
				CLANG_ANALYZER_NUMBER_OBJECT_CONVERSION = YES_AGGRESSIVE;
				CLANG_CXX_LANGUAGE_STANDARD = "gnu++0x";
				CLANG_CXX_LIBRARY = "libc++";
				CLANG_ENABLE_MODULES = YES;
				CLANG_ENABLE_OBJC_ARC = YES;
				CLANG_WARN_BLOCK_CAPTURE_AUTORELEASING = YES;
				CLANG_WARN_BOOL_CONVERSION = YES;
				CLANG_WARN_COMMA = YES;
				CLANG_WARN_CONSTANT_CONVERSION = YES;
				CLANG_WARN_DEPRECATED_OBJC_IMPLEMENTATIONS = YES;
				CLANG_WARN_DIRECT_OBJC_ISA_USAGE = YES_ERROR;
				CLANG_WARN_DOCUMENTATION_COMMENTS = YES;
				CLANG_WARN_EMPTY_BODY = YES;
				CLANG_WARN_ENUM_CONVERSION = YES;
				CLANG_WARN_INFINITE_RECURSION = YES;
				CLANG_WARN_INT_CONVERSION = YES;
				CLANG_WARN_NON_LITERAL_NULL_CONVERSION = YES;
				CLANG_WARN_OBJC_IMPLICIT_RETAIN_SELF = YES;
				CLANG_WARN_OBJC_LITERAL_CONVERSION = YES;
				CLANG_WARN_OBJC_ROOT_CLASS = YES_ERROR;
				CLANG_WARN_RANGE_LOOP_ANALYSIS = YES;
				CLANG_WARN_STRICT_PROTOTYPES = YES;
				CLANG_WARN_SUSPICIOUS_MOVE = YES;
				CLANG_WARN_UNREACHABLE_CODE = YES;
				CLANG_WARN__DUPLICATE_METHOD_MATCH = YES;
				"CODE_SIGN_IDENTITY[sdk=iphoneos*]" = "iPhone Developer";
				COPY_PHASE_STRIP = NO;
				DEBUG_INFORMATION_FORMAT = dwarf;
				ENABLE_STRICT_OBJC_MSGSEND = YES;
				ENABLE_TESTABILITY = YES;
				GCC_C_LANGUAGE_STANDARD = gnu99;
				GCC_DYNAMIC_NO_PIC = NO;
				GCC_NO_COMMON_BLOCKS = YES;
				GCC_OPTIMIZATION_LEVEL = 0;
				GCC_PREPROCESSOR_DEFINITIONS = (
					"DEBUG=1",
					"$(inherited)",
				);
				GCC_WARN_64_TO_32_BIT_CONVERSION = YES;
				GCC_WARN_ABOUT_RETURN_TYPE = YES_ERROR;
				GCC_WARN_UNDECLARED_SELECTOR = YES;
				GCC_WARN_UNINITIALIZED_AUTOS = YES_AGGRESSIVE;
				GCC_WARN_UNUSED_FUNCTION = YES;
				GCC_WARN_UNUSED_VARIABLE = YES;
				IPHONEOS_DEPLOYMENT_TARGET = 9.0;
				MTL_ENABLE_DEBUG_INFO = YES;
				ONLY_ACTIVE_ARCH = YES;
				SDKROOT = iphoneos;
				SWIFT_ACTIVE_COMPILATION_CONDITIONS = DEBUG;
				SWIFT_OPTIMIZATION_LEVEL = "-Onone";
				TARGETED_DEVICE_FAMILY = "1,2";
			};
			name = Debug;
		};
		84BB08211E8F90D200E88C5E /* Release */ = {
			isa = XCBuildConfiguration;
			buildSettings = {
				ALWAYS_SEARCH_USER_PATHS = NO;
				CLANG_ANALYZER_NONNULL = YES;
				CLANG_ANALYZER_NUMBER_OBJECT_CONVERSION = YES_AGGRESSIVE;
				CLANG_CXX_LANGUAGE_STANDARD = "gnu++0x";
				CLANG_CXX_LIBRARY = "libc++";
				CLANG_ENABLE_MODULES = YES;
				CLANG_ENABLE_OBJC_ARC = YES;
				CLANG_WARN_BLOCK_CAPTURE_AUTORELEASING = YES;
				CLANG_WARN_BOOL_CONVERSION = YES;
				CLANG_WARN_COMMA = YES;
				CLANG_WARN_CONSTANT_CONVERSION = YES;
				CLANG_WARN_DEPRECATED_OBJC_IMPLEMENTATIONS = YES;
				CLANG_WARN_DIRECT_OBJC_ISA_USAGE = YES_ERROR;
				CLANG_WARN_DOCUMENTATION_COMMENTS = YES;
				CLANG_WARN_EMPTY_BODY = YES;
				CLANG_WARN_ENUM_CONVERSION = YES;
				CLANG_WARN_INFINITE_RECURSION = YES;
				CLANG_WARN_INT_CONVERSION = YES;
				CLANG_WARN_NON_LITERAL_NULL_CONVERSION = YES;
				CLANG_WARN_OBJC_IMPLICIT_RETAIN_SELF = YES;
				CLANG_WARN_OBJC_LITERAL_CONVERSION = YES;
				CLANG_WARN_OBJC_ROOT_CLASS = YES_ERROR;
				CLANG_WARN_RANGE_LOOP_ANALYSIS = YES;
				CLANG_WARN_STRICT_PROTOTYPES = YES;
				CLANG_WARN_SUSPICIOUS_MOVE = YES;
				CLANG_WARN_UNREACHABLE_CODE = YES;
				CLANG_WARN__DUPLICATE_METHOD_MATCH = YES;
				"CODE_SIGN_IDENTITY[sdk=iphoneos*]" = "iPhone Developer";
				COPY_PHASE_STRIP = NO;
				DEBUG_INFORMATION_FORMAT = "dwarf-with-dsym";
				ENABLE_NS_ASSERTIONS = NO;
				ENABLE_STRICT_OBJC_MSGSEND = YES;
				GCC_C_LANGUAGE_STANDARD = gnu99;
				GCC_NO_COMMON_BLOCKS = YES;
				GCC_WARN_64_TO_32_BIT_CONVERSION = YES;
				GCC_WARN_ABOUT_RETURN_TYPE = YES_ERROR;
				GCC_WARN_UNDECLARED_SELECTOR = YES;
				GCC_WARN_UNINITIALIZED_AUTOS = YES_AGGRESSIVE;
				GCC_WARN_UNUSED_FUNCTION = YES;
				GCC_WARN_UNUSED_VARIABLE = YES;
				IPHONEOS_DEPLOYMENT_TARGET = 9.0;
				MTL_ENABLE_DEBUG_INFO = NO;
				SDKROOT = iphoneos;
				SWIFT_OPTIMIZATION_LEVEL = "-Owholemodule";
				TARGETED_DEVICE_FAMILY = "1,2";
				VALIDATE_PRODUCT = YES;
			};
			name = Release;
		};
		84BB08231E8F90D200E88C5E /* Debug */ = {
			isa = XCBuildConfiguration;
			buildSettings = {
				ASSETCATALOG_COMPILER_APPICON_NAME = AppIcon;
				CLANG_ENABLE_MODULES = YES;
				CODE_SIGN_STYLE = Manual;
				DEVELOPMENT_TEAM = 69L92VZ7E4;
				INFOPLIST_FILE = SwiftStudyAndAccumulation/Info.plist;
				IPHONEOS_DEPLOYMENT_TARGET = 8.0;
				LD_RUNPATH_SEARCH_PATHS = "$(inherited) @executable_path/Frameworks";
				PRODUCT_BUNDLE_IDENTIFIER = com.carbar.piaomiao.SwiftStudy;
				PRODUCT_NAME = "$(TARGET_NAME)";
				PROVISIONING_PROFILE = "f0263cfc-7993-4b89-b91c-233961702f8e";
				PROVISIONING_PROFILE_SPECIFIER = CarbarDev;
				SWIFT_OBJC_BRIDGING_HEADER = "SwiftStudyAndAccumulation/SwiftStudyAndAccumulation-Bridging-Header.h";
				SWIFT_OPTIMIZATION_LEVEL = "-Onone";
				SWIFT_SWIFT3_OBJC_INFERENCE = Off;
				SWIFT_VERSION = 4.0;
			};
			name = Debug;
		};
		84BB08241E8F90D200E88C5E /* Release */ = {
			isa = XCBuildConfiguration;
			buildSettings = {
				ASSETCATALOG_COMPILER_APPICON_NAME = AppIcon;
				CLANG_ENABLE_MODULES = YES;
				CODE_SIGN_STYLE = Manual;
				DEVELOPMENT_TEAM = "";
				INFOPLIST_FILE = SwiftStudyAndAccumulation/Info.plist;
				IPHONEOS_DEPLOYMENT_TARGET = 8.0;
				LD_RUNPATH_SEARCH_PATHS = "$(inherited) @executable_path/Frameworks";
				PRODUCT_BUNDLE_IDENTIFIER = com.carbar.piaomiao.SwiftStudy;
				PRODUCT_NAME = "$(TARGET_NAME)";
				PROVISIONING_PROFILE_SPECIFIER = "";
				SWIFT_OBJC_BRIDGING_HEADER = "SwiftStudyAndAccumulation/SwiftStudyAndAccumulation-Bridging-Header.h";
				SWIFT_SWIFT3_OBJC_INFERENCE = Off;
				SWIFT_VERSION = 4.0;
			};
			name = Release;
		};
		84BB08261E8F90D200E88C5E /* Debug */ = {
			isa = XCBuildConfiguration;
			buildSettings = {
				ALWAYS_EMBED_SWIFT_STANDARD_LIBRARIES = YES;
				BUNDLE_LOADER = "$(TEST_HOST)";
				DEVELOPMENT_TEAM = NMY2CS6TU6;
				INFOPLIST_FILE = SwiftStudyAndAccumulationTests/Info.plist;
				LD_RUNPATH_SEARCH_PATHS = "$(inherited) @executable_path/Frameworks @loader_path/Frameworks";
				PRODUCT_BUNDLE_IDENTIFIER = com.mapbar.SwiftStudyAndAccumulationTests;
				PRODUCT_NAME = "$(TARGET_NAME)";
				SWIFT_SWIFT3_OBJC_INFERENCE = On;
				SWIFT_VERSION = 4.0;
				TEST_HOST = "$(BUILT_PRODUCTS_DIR)/SwiftStudyAndAccumulation.app/SwiftStudyAndAccumulation";
			};
			name = Debug;
		};
		84BB08271E8F90D200E88C5E /* Release */ = {
			isa = XCBuildConfiguration;
			buildSettings = {
				ALWAYS_EMBED_SWIFT_STANDARD_LIBRARIES = YES;
				BUNDLE_LOADER = "$(TEST_HOST)";
				DEVELOPMENT_TEAM = NMY2CS6TU6;
				INFOPLIST_FILE = SwiftStudyAndAccumulationTests/Info.plist;
				LD_RUNPATH_SEARCH_PATHS = "$(inherited) @executable_path/Frameworks @loader_path/Frameworks";
				PRODUCT_BUNDLE_IDENTIFIER = com.mapbar.SwiftStudyAndAccumulationTests;
				PRODUCT_NAME = "$(TARGET_NAME)";
				SWIFT_SWIFT3_OBJC_INFERENCE = On;
				SWIFT_VERSION = 4.0;
				TEST_HOST = "$(BUILT_PRODUCTS_DIR)/SwiftStudyAndAccumulation.app/SwiftStudyAndAccumulation";
			};
			name = Release;
		};
		84BB08291E8F90D200E88C5E /* Debug */ = {
			isa = XCBuildConfiguration;
			buildSettings = {
				ALWAYS_EMBED_SWIFT_STANDARD_LIBRARIES = YES;
				DEVELOPMENT_TEAM = NMY2CS6TU6;
				INFOPLIST_FILE = SwiftStudyAndAccumulationUITests/Info.plist;
				LD_RUNPATH_SEARCH_PATHS = "$(inherited) @executable_path/Frameworks @loader_path/Frameworks";
				PRODUCT_BUNDLE_IDENTIFIER = com.mapbar.SwiftStudyAndAccumulationUITests;
				PRODUCT_NAME = "$(TARGET_NAME)";
				SWIFT_SWIFT3_OBJC_INFERENCE = On;
				SWIFT_VERSION = 4.0;
				TEST_TARGET_NAME = SwiftStudyAndAccumulation;
			};
			name = Debug;
		};
		84BB082A1E8F90D200E88C5E /* Release */ = {
			isa = XCBuildConfiguration;
			buildSettings = {
				ALWAYS_EMBED_SWIFT_STANDARD_LIBRARIES = YES;
				DEVELOPMENT_TEAM = NMY2CS6TU6;
				INFOPLIST_FILE = SwiftStudyAndAccumulationUITests/Info.plist;
				LD_RUNPATH_SEARCH_PATHS = "$(inherited) @executable_path/Frameworks @loader_path/Frameworks";
				PRODUCT_BUNDLE_IDENTIFIER = com.mapbar.SwiftStudyAndAccumulationUITests;
				PRODUCT_NAME = "$(TARGET_NAME)";
				SWIFT_SWIFT3_OBJC_INFERENCE = On;
				SWIFT_VERSION = 4.0;
				TEST_TARGET_NAME = SwiftStudyAndAccumulation;
			};
			name = Release;
		};
/* End XCBuildConfiguration section */

/* Begin XCConfigurationList section */
		84BB07F51E8F90D100E88C5E /* Build configuration list for PBXProject "SwiftStudyAndAccumulation" */ = {
			isa = XCConfigurationList;
			buildConfigurations = (
				84BB08201E8F90D200E88C5E /* Debug */,
				84BB08211E8F90D200E88C5E /* Release */,
			);
			defaultConfigurationIsVisible = 0;
			defaultConfigurationName = Release;
		};
		84BB08221E8F90D200E88C5E /* Build configuration list for PBXNativeTarget "SwiftStudyAndAccumulation" */ = {
			isa = XCConfigurationList;
			buildConfigurations = (
				84BB08231E8F90D200E88C5E /* Debug */,
				84BB08241E8F90D200E88C5E /* Release */,
			);
			defaultConfigurationIsVisible = 0;
			defaultConfigurationName = Release;
		};
		84BB08251E8F90D200E88C5E /* Build configuration list for PBXNativeTarget "SwiftStudyAndAccumulationTests" */ = {
			isa = XCConfigurationList;
			buildConfigurations = (
				84BB08261E8F90D200E88C5E /* Debug */,
				84BB08271E8F90D200E88C5E /* Release */,
			);
			defaultConfigurationIsVisible = 0;
			defaultConfigurationName = Release;
		};
		84BB08281E8F90D200E88C5E /* Build configuration list for PBXNativeTarget "SwiftStudyAndAccumulationUITests" */ = {
			isa = XCConfigurationList;
			buildConfigurations = (
				84BB08291E8F90D200E88C5E /* Debug */,
				84BB082A1E8F90D200E88C5E /* Release */,
			);
			defaultConfigurationIsVisible = 0;
			defaultConfigurationName = Release;
		};
/* End XCConfigurationList section */
	};
	rootObject = 84BB07F21E8F90D100E88C5E /* Project object */;
}
